// !$*UTF8*$!
{
	archiveVersion = 1;
	classes = {
	};
	objectVersion = 50;
	objects = {

/* Begin PBXBuildFile section */
		65F2FE2820D710AC005EF2E9 /* AppDelegate.swift in Sources */ = {isa = PBXBuildFile; fileRef = 65F2FE2720D710AC005EF2E9 /* AppDelegate.swift */; };
		65F2FE2A20D710AC005EF2E9 /* ToDoListViewController.swift in Sources */ = {isa = PBXBuildFile; fileRef = 65F2FE2920D710AC005EF2E9 /* ToDoListViewController.swift */; };
		65F2FE2D20D710AC005EF2E9 /* Main.storyboard in Resources */ = {isa = PBXBuildFile; fileRef = 65F2FE2B20D710AC005EF2E9 /* Main.storyboard */; };
		65F2FE3020D710AC005EF2E9 /* Todoey.xcdatamodeld in Sources */ = {isa = PBXBuildFile; fileRef = 65F2FE2E20D710AC005EF2E9 /* Todoey.xcdatamodeld */; };
		65F2FE3220D710AD005EF2E9 /* Assets.xcassets in Resources */ = {isa = PBXBuildFile; fileRef = 65F2FE3120D710AD005EF2E9 /* Assets.xcassets */; };
		65F2FE3520D710AD005EF2E9 /* LaunchScreen.storyboard in Resources */ = {isa = PBXBuildFile; fileRef = 65F2FE3320D710AD005EF2E9 /* LaunchScreen.storyboard */; };
		65F2FE4020D74699005EF2E9 /* ToDoTableItemCell.swift in Sources */ = {isa = PBXBuildFile; fileRef = 65F2FE3E20D74699005EF2E9 /* ToDoTableItemCell.swift */; };
		65F2FE4120D74699005EF2E9 /* ToDoTableItemCell.xib in Resources */ = {isa = PBXBuildFile; fileRef = 65F2FE3F20D74699005EF2E9 /* ToDoTableItemCell.xib */; };
/* End PBXBuildFile section */

/* Begin PBXFileReference section */
		65F2FE2420D710AC005EF2E9 /* Todoey.app */ = {isa = PBXFileReference; explicitFileType = wrapper.application; includeInIndex = 0; path = Todoey.app; sourceTree = BUILT_PRODUCTS_DIR; };
		65F2FE2720D710AC005EF2E9 /* AppDelegate.swift */ = {isa = PBXFileReference; lastKnownFileType = sourcecode.swift; path = AppDelegate.swift; sourceTree = "<group>"; };
		65F2FE2920D710AC005EF2E9 /* ToDoListViewController.swift */ = {isa = PBXFileReference; lastKnownFileType = sourcecode.swift; path = ToDoListViewController.swift; sourceTree = "<group>"; };
		65F2FE2C20D710AC005EF2E9 /* Base */ = {isa = PBXFileReference; lastKnownFileType = file.storyboard; name = Base; path = Base.lproj/Main.storyboard; sourceTree = "<group>"; };
		65F2FE2F20D710AC005EF2E9 /* Todoey.xcdatamodel */ = {isa = PBXFileReference; lastKnownFileType = wrapper.xcdatamodel; path = Todoey.xcdatamodel; sourceTree = "<group>"; };
		65F2FE3120D710AD005EF2E9 /* Assets.xcassets */ = {isa = PBXFileReference; lastKnownFileType = folder.assetcatalog; path = Assets.xcassets; sourceTree = "<group>"; };
		65F2FE3420D710AD005EF2E9 /* Base */ = {isa = PBXFileReference; lastKnownFileType = file.storyboard; name = Base; path = Base.lproj/LaunchScreen.storyboard; sourceTree = "<group>"; };
		65F2FE3620D710AD005EF2E9 /* Info.plist */ = {isa = PBXFileReference; lastKnownFileType = text.plist.xml; path = Info.plist; sourceTree = "<group>"; };
		65F2FE3E20D74699005EF2E9 /* ToDoTableItemCell.swift */ = {isa = PBXFileReference; lastKnownFileType = sourcecode.swift; path = ToDoTableItemCell.swift; sourceTree = "<group>"; };
		65F2FE3F20D74699005EF2E9 /* ToDoTableItemCell.xib */ = {isa = PBXFileReference; lastKnownFileType = file.xib; path = ToDoTableItemCell.xib; sourceTree = "<group>"; };
/* End PBXFileReference section */

/* Begin PBXFrameworksBuildPhase section */
		65F2FE2120D710AC005EF2E9 /* Frameworks */ = {
			isa = PBXFrameworksBuildPhase;
			buildActionMask = 2147483647;
			files = (
			);
			runOnlyForDeploymentPostprocessing = 0;
		};
/* End PBXFrameworksBuildPhase section */

/* Begin PBXGroup section */
		65F2FE1B20D710AC005EF2E9 = {
			isa = PBXGroup;
			children = (
				65F2FE2620D710AC005EF2E9 /* Todoey */,
				65F2FE2520D710AC005EF2E9 /* Products */,
			);
			sourceTree = "<group>";
		};
		65F2FE2520D710AC005EF2E9 /* Products */ = {
			isa = PBXGroup;
			children = (
				65F2FE2420D710AC005EF2E9 /* Todoey.app */,
			);
			name = Products;
			sourceTree = "<group>";
		};
		65F2FE2620D710AC005EF2E9 /* Todoey */ = {
			isa = PBXGroup;
			children = (
				65F2FE4420D7470B005EF2E9 /* Model */,
				65F2FE4220D746A0005EF2E9 /* View */,
				65F2FE4320D746E5005EF2E9 /* Controller */,
				65F2FE3120D710AD005EF2E9 /* Assets.xcassets */,
				65F2FE3620D710AD005EF2E9 /* Info.plist */,
				65F2FE2E20D710AC005EF2E9 /* Todoey.xcdatamodeld */,
			);
			path = Todoey;
			sourceTree = "<group>";
		};
		65F2FE4220D746A0005EF2E9 /* View */ = {
			isa = PBXGroup;
			children = (
				65F2FE2B20D710AC005EF2E9 /* Main.storyboard */,
				65F2FE3320D710AD005EF2E9 /* LaunchScreen.storyboard */,
				65F2FE3F20D74699005EF2E9 /* ToDoTableItemCell.xib */,
			);
			path = View;
			sourceTree = "<group>";
		};
		65F2FE4320D746E5005EF2E9 /* Controller */ = {
			isa = PBXGroup;
			children = (
				65F2FE2720D710AC005EF2E9 /* AppDelegate.swift */,
				65F2FE2920D710AC005EF2E9 /* ToDoListViewController.swift */,
				65F2FE3E20D74699005EF2E9 /* ToDoTableItemCell.swift */,
			);
			path = Controller;
			sourceTree = "<group>";
		};
		65F2FE4420D7470B005EF2E9 /* Model */ = {
			isa = PBXGroup;
			children = (
			);
			path = Model;
			sourceTree = "<group>";
		};
/* End PBXGroup section */

/* Begin PBXNativeTarget section */
		65F2FE2320D710AC005EF2E9 /* Todoey */ = {
			isa = PBXNativeTarget;
			buildConfigurationList = 65F2FE3920D710AD005EF2E9 /* Build configuration list for PBXNativeTarget "Todoey" */;
			buildPhases = (
				65F2FE2020D710AC005EF2E9 /* Sources */,
				65F2FE2120D710AC005EF2E9 /* Frameworks */,
				65F2FE2220D710AC005EF2E9 /* Resources */,
			);
			buildRules = (
			);
			dependencies = (
			);
			name = Todoey;
			productName = Todoey;
			productReference = 65F2FE2420D710AC005EF2E9 /* Todoey.app */;
			productType = "com.apple.product-type.application";
		};
/* End PBXNativeTarget section */

/* Begin PBXProject section */
		65F2FE1C20D710AC005EF2E9 /* Project object */ = {
			isa = PBXProject;
			attributes = {
				LastSwiftUpdateCheck = 0940;
				LastUpgradeCheck = 0940;
				ORGANIZATIONNAME = Daniel;
				TargetAttributes = {
					65F2FE2320D710AC005EF2E9 = {
						CreatedOnToolsVersion = 9.4;
					};
				};
			};
			buildConfigurationList = 65F2FE1F20D710AC005EF2E9 /* Build configuration list for PBXProject "Todoey" */;
			compatibilityVersion = "Xcode 9.3";
			developmentRegion = en;
			hasScannedForEncodings = 0;
			knownRegions = (
				en,
				Base,
			);
			mainGroup = 65F2FE1B20D710AC005EF2E9;
			productRefGroup = 65F2FE2520D710AC005EF2E9 /* Products */;
			projectDirPath = "";
			projectRoot = "";
			targets = (
				65F2FE2320D710AC005EF2E9 /* Todoey */,
			);
		};
/* End PBXProject section */

/* Begin PBXResourcesBuildPhase section */
		65F2FE2220D710AC005EF2E9 /* Resources */ = {
			isa = PBXResourcesBuildPhase;
			buildActionMask = 2147483647;
			files = (
				65F2FE3520D710AD005EF2E9 /* LaunchScreen.storyboard in Resources */,
				65F2FE3220D710AD005EF2E9 /* Assets.xcassets in Resources */,
				65F2FE2D20D710AC005EF2E9 /* Main.storyboard in Resources */,
				65F2FE4120D74699005EF2E9 /* ToDoTableItemCell.xib in Resources */,
			);
			runOnlyForDeploymentPostprocessing = 0;
		};
/* End PBXResourcesBuildPhase section */

/* Begin PBXSourcesBuildPhase section */
		65F2FE2020D710AC005EF2E9 /* Sources */ = {
			isa = PBXSourcesBuildPhase;
			buildActionMask = 2147483647;
			files = (
				65F2FE2A20D710AC005EF2E9 /* ToDoListViewController.swift in Sources */,
				65F2FE2820D710AC005EF2E9 /* AppDelegate.swift in Sources */,
				65F2FE3020D710AC005EF2E9 /* Todoey.xcdatamodeld in Sources */,
				65F2FE4020D74699005EF2E9 /* ToDoTableItemCell.swift in Sources */,
			);
			runOnlyForDeploymentPostprocessing = 0;
		};
/* End PBXSourcesBuildPhase section */

/* Begin PBXVariantGroup section */
		65F2FE2B20D710AC005EF2E9 /* Main.storyboard */ = {
			isa = PBXVariantGroup;
			children = (
				65F2FE2C20D710AC005EF2E9 /* Base */,
			);
			name = Main.storyboard;
			sourceTree = "<group>";
		};
		65F2FE3320D710AD005EF2E9 /* LaunchScreen.storyboard */ = {
			isa = PBXVariantGroup;
			children = (
				65F2FE3420D710AD005EF2E9 /* Base */,
			);
			name = LaunchScreen.storyboard;
			sourceTree = "<group>";
		};
/* End PBXVariantGroup section */

/* Begin XCBuildConfiguration section */
		65F2FE3720D710AD005EF2E9 /* Debug */ = {
			isa = XCBuildConfiguration;
			buildSettings = {
				ALWAYS_SEARCH_USER_PATHS = NO;
				CLANG_ANALYZER_NONNULL = YES;
				CLANG_ANALYZER_NUMBER_OBJECT_CONVERSION = YES_AGGRESSIVE;
				CLANG_CXX_LANGUAGE_STANDARD = "gnu++14";
				CLANG_CXX_LIBRARY = "libc++";
				CLANG_ENABLE_MODULES = YES;
				CLANG_ENABLE_OBJC_ARC = YES;
				CLANG_ENABLE_OBJC_WEAK = YES;
				CLANG_WARN_BLOCK_CAPTURE_AUTORELEASING = YES;
				CLANG_WARN_BOOL_CONVERSION = YES;
				CLANG_WARN_COMMA = YES;
				CLANG_WARN_CONSTANT_CONVERSION = YES;
				CLANG_WARN_DEPRECATED_OBJC_IMPLEMENTATIONS = YES;
				CLANG_WARN_DIRECT_OBJC_ISA_USAGE = YES_ERROR;
				CLANG_WARN_DOCUMENTATION_COMMENTS = YES;
				CLANG_WARN_EMPTY_BODY = YES;
				CLANG_WARN_ENUM_CONVERSION = YES;
				CLANG_WARN_INFINITE_RECURSION = YES;
				CLANG_WARN_INT_CONVERSION = YES;
				CLANG_WARN_NON_LITERAL_NULL_CONVERSION = YES;
				CLANG_WARN_OBJC_IMPLICIT_RETAIN_SELF = YES;
				CLANG_WARN_OBJC_LITERAL_CONVERSION = YES;
				CLANG_WARN_OBJC_ROOT_CLASS = YES_ERROR;
				CLANG_WARN_RANGE_LOOP_ANALYSIS = YES;
				CLANG_WARN_STRICT_PROTOTYPES = YES;
				CLANG_WARN_SUSPICIOUS_MOVE = YES;
				CLANG_WARN_UNGUARDED_AVAILABILITY = YES_AGGRESSIVE;
				CLANG_WARN_UNREACHABLE_CODE = YES;
				CLANG_WARN__DUPLICATE_METHOD_MATCH = YES;
				CODE_SIGN_IDENTITY = "iPhone Developer";
				COPY_PHASE_STRIP = NO;
				DEBUG_INFORMATION_FORMAT = dwarf;
				ENABLE_STRICT_OBJC_MSGSEND = YES;
				ENABLE_TESTABILITY = YES;
				GCC_C_LANGUAGE_STANDARD = gnu11;
				GCC_DYNAMIC_NO_PIC = NO;
				GCC_NO_COMMON_BLOCKS = YES;
				GCC_OPTIMIZATION_LEVEL = 0;
				GCC_PREPROCESSOR_DEFINITIONS = (
					"DEBUG=1",
					"$(inherited)",
				);
				GCC_WARN_64_TO_32_BIT_CONVERSION = YES;
				GCC_WARN_ABOUT_RETURN_TYPE = YES_ERROR;
				GCC_WARN_UNDECLARED_SELECTOR = YES;
				GCC_WARN_UNINITIALIZED_AUTOS = YES_AGGRESSIVE;
				GCC_WARN_UNUSED_FUNCTION = YES;
				GCC_WARN_UNUSED_VARIABLE = YES;
				IPHONEOS_DEPLOYMENT_TARGET = 11.4;
				MTL_ENABLE_DEBUG_INFO = YES;
				ONLY_ACTIVE_ARCH = YES;
				SDKROOT = iphoneos;
				SWIFT_ACTIVE_COMPILATION_CONDITIONS = DEBUG;
				SWIFT_OPTIMIZATION_LEVEL = "-Onone";
			};
			name = Debug;
		};
		65F2FE3820D710AD005EF2E9 /* Release */ = {
			isa = XCBuildConfiguration;
			buildSettings = {
				ALWAYS_SEARCH_USER_PATHS = NO;
				CLANG_ANALYZER_NONNULL = YES;
				CLANG_ANALYZER_NUMBER_OBJECT_CONVERSION = YES_AGGRESSIVE;
				CLANG_CXX_LANGUAGE_STANDARD = "gnu++14";
				CLANG_CXX_LIBRARY = "libc++";
				CLANG_ENABLE_MODULES = YES;
				CLANG_ENABLE_OBJC_ARC = YES;
				CLANG_ENABLE_OBJC_WEAK = YES;
				CLANG_WARN_BLOCK_CAPTURE_AUTORELEASING = YES;
				CLANG_WARN_BOOL_CONVERSION = YES;
				CLANG_WARN_COMMA = YES;
				CLANG_WARN_CONSTANT_CONVERSION = YES;
				CLANG_WARN_DEPRECATED_OBJC_IMPLEMENTATIONS = YES;
				CLANG_WARN_DIRECT_OBJC_ISA_USAGE = YES_ERROR;
				CLANG_WARN_DOCUMENTATION_COMMENTS = YES;
				CLANG_WARN_EMPTY_BODY = YES;
				CLANG_WARN_ENUM_CONVERSION = YES;
				CLANG_WARN_INFINITE_RECURSION = YES;
				CLANG_WARN_INT_CONVERSION = YES;
				CLANG_WARN_NON_LITERAL_NULL_CONVERSION = YES;
				CLANG_WARN_OBJC_IMPLICIT_RETAIN_SELF = YES;
				CLANG_WARN_OBJC_LITERAL_CONVERSION = YES;
				CLANG_WARN_OBJC_ROOT_CLASS = YES_ERROR;
				CLANG_WARN_RANGE_LOOP_ANALYSIS = YES;
				CLANG_WARN_STRICT_PROTOTYPES = YES;
				CLANG_WARN_SUSPICIOUS_MOVE = YES;
				CLANG_WARN_UNGUARDED_AVAILABILITY = YES_AGGRESSIVE;
				CLANG_WARN_UNREACHABLE_CODE = YES;
				CLANG_WARN__DUPLICATE_METHOD_MATCH = YES;
				CODE_SIGN_IDENTITY = "iPhone Developer";
				COPY_PHASE_STRIP = NO;
				DEBUG_INFORMATION_FORMAT = "dwarf-with-dsym";
				ENABLE_NS_ASSERTIONS = NO;
				ENABLE_STRICT_OBJC_MSGSEND = YES;
				GCC_C_LANGUAGE_STANDARD = gnu11;
				GCC_NO_COMMON_BLOCKS = YES;
				GCC_WARN_64_TO_32_BIT_CONVERSION = YES;
				GCC_WARN_ABOUT_RETURN_TYPE = YES_ERROR;
				GCC_WARN_UNDECLARED_SELECTOR = YES;
				GCC_WARN_UNINITIALIZED_AUTOS = YES_AGGRESSIVE;
				GCC_WARN_UNUSED_FUNCTION = YES;
				GCC_WARN_UNUSED_VARIABLE = YES;
				IPHONEOS_DEPLOYMENT_TARGET = 11.4;
				MTL_ENABLE_DEBUG_INFO = NO;
				SDKROOT = iphoneos;
				SWIFT_COMPILATION_MODE = wholemodule;
				SWIFT_OPTIMIZATION_LEVEL = "-O";
				VALIDATE_PRODUCT = YES;
			};
			name = Release;
		};
		65F2FE3A20D710AD005EF2E9 /* Debug */ = {
			isa = XCBuildConfiguration;
			buildSettings = {
				ASSETCATALOG_COMPILER_APPICON_NAME = AppIcon;
				CODE_SIGN_STYLE = Automatic;
				DEVELOPMENT_TEAM = BX2H65DX5Z;
				INFOPLIST_FILE = Todoey/Info.plist;
				LD_RUNPATH_SEARCH_PATHS = (
					"$(inherited)",
					"@executable_path/Frameworks",
				);
				PRODUCT_BUNDLE_IDENTIFIER = com.daniel.developer.Todoey;
				PRODUCT_NAME = "$(TARGET_NAME)";
				SWIFT_VERSION = 4.0;
				TARGETED_DEVICE_FAMILY = "1,2";
			};
			name = Debug;
		};
		65F2FE3B20D710AD005EF2E9 /* Release */ = {
			isa = XCBuildConfiguration;
			buildSettings = {
				ASSETCATALOG_COMPILER_APPICON_NAME = AppIcon;
				CODE_SIGN_STYLE = Automatic;
				DEVELOPMENT_TEAM = BX2H65DX5Z;
				INFOPLIST_FILE = Todoey/Info.plist;
				LD_RUNPATH_SEARCH_PATHS = (
					"$(inherited)",
					"@executable_path/Frameworks",
				);
				PRODUCT_BUNDLE_IDENTIFIER = com.daniel.developer.Todoey;
				PRODUCT_NAME = "$(TARGET_NAME)";
				SWIFT_VERSION = 4.0;
				TARGETED_DEVICE_FAMILY = "1,2";
			};
			name = Release;
		};
/* End XCBuildConfiguration section */

/* Begin XCConfigurationList section */
		65F2FE1F20D710AC005EF2E9 /* Build configuration list for PBXProject "Todoey" */ = {
			isa = XCConfigurationList;
			buildConfigurations = (
				65F2FE3720D710AD005EF2E9 /* Debug */,
				65F2FE3820D710AD005EF2E9 /* Release */,
			);
			defaultConfigurationIsVisible = 0;
			defaultConfigurationName = Release;
		};
		65F2FE3920D710AD005EF2E9 /* Build configuration list for PBXNativeTarget "Todoey" */ = {
			isa = XCConfigurationList;
			buildConfigurations = (
				65F2FE3A20D710AD005EF2E9 /* Debug */,
				65F2FE3B20D710AD005EF2E9 /* Release */,
			);
			defaultConfigurationIsVisible = 0;
			defaultConfigurationName = Release;
		};
/* End XCConfigurationList section */

/* Begin XCVersionGroup section */
		65F2FE2E20D710AC005EF2E9 /* Todoey.xcdatamodeld */ = {
			isa = XCVersionGroup;
			children = (
				65F2FE2F20D710AC005EF2E9 /* Todoey.xcdatamodel */,
			);
			currentVersion = 65F2FE2F20D710AC005EF2E9 /* Todoey.xcdatamodel */;
			path = Todoey.xcdatamodeld;
			sourceTree = "<group>";
			versionGroupType = wrapper.xcdatamodel;
		};
/* End XCVersionGroup section */
	};
	rootObject = 65F2FE1C20D710AC005EF2E9 /* Project object */;
}
